
Microsoft Visual Studio Solution File, Format Version 12.00
# Visual Studio Version 17
VisualStudioVersion = 17.4.33213.308
MinimumVisualStudioVersion = 10.0.40219.1
Project("{FAE04EC0-301F-11D3-BF4B-00C04F79EFBC}") = "PROG6212_ST10043367_FinalPOE", "PROG6212_ST10043367_FinalPOE.csproj", "{76361190-DE8C-448B-AC08-974CB55E6FAD}"
EndProject
Project("{9A19103F-16F7-4668-BE54-9A1E7A4F7556}") = "POE Library", "..\prog6212-part-1-reecedeclan\POE Library\POE Library.csproj", "{C38869AD-E362-49B3-BF27-3C51E4F948AD}"
EndProject
Global
	GlobalSection(SolutionConfigurationPlatforms) = preSolution
		Debug|Any CPU = Debug|Any CPU
		Release|Any CPU = Release|Any CPU
	EndGlobalSection
	GlobalSection(ProjectConfigurationPlatforms) = postSolution
		{76361190-DE8C-448B-AC08-974CB55E6FAD}.Debug|Any CPU.ActiveCfg = Debug|Any CPU
		{76361190-DE8C-448B-AC08-974CB55E6FAD}.Debug|Any CPU.Build.0 = Debug|Any CPU
		{76361190-DE8C-448B-AC08-974CB55E6FAD}.Release|Any CPU.ActiveCfg = Release|Any CPU
		{76361190-DE8C-448B-AC08-974CB55E6FAD}.Release|Any CPU.Build.0 = Release|Any CPU
		{C38869AD-E362-49B3-BF27-3C51E4F948AD}.Debug|Any CPU.ActiveCfg = Debug|Any CPU
		{C38869AD-E362-49B3-BF27-3C51E4F948AD}.Debug|Any CPU.Build.0 = Debug|Any CPU
		{C38869AD-E362-49B3-BF27-3C51E4F948AD}.Release|Any CPU.ActiveCfg = Release|Any CPU
		{C38869AD-E362-49B3-BF27-3C51E4F948AD}.Release|Any CPU.Build.0 = Release|Any CPU
	EndGlobalSection
	GlobalSection(SolutionProperties) = preSolution
		HideSolutionNode = FALSE
	EndGlobalSection
	GlobalSection(ExtensibilityGlobals) = postSolution
		SolutionGuid = {DE194FAA-6DD7-4CAD-9BCB-E576A5755A4C}
	EndGlobalSection
EndGlobal
